
Microsoft Visual Studio Solution File, Format Version 12.00
# Visual Studio 15
VisualStudioVersion = 15.0.26124.0
MinimumVisualStudioVersion = 15.0.26124.0
Project("{2150E333-8FDC-42A3-9474-1A3956D46DE8}") = "srC", "srC", "{17FB2593-4F12-42CD-865A-D21C26B7C49E}"
EndProject
Project("{FAE04EC0-301F-11D3-BF4B-00C04F79EFBC}") = "GradeBook", "srC\GradeBook\GradeBook.csproj", "{C55102F6-CCB2-4ABC-8340-3C9FC29129FA}"
EndProject
Project("{2150E333-8FDC-42A3-9474-1A3956D46DE8}") = "test", "test", "{26874CDE-5321-429B-B9AC-352B8BE411BF}"
EndProject
Project("{FAE04EC0-301F-11D3-BF4B-00C04F79EFBC}") = "GradeBook.Tests", "test\GradeBook.Tests\GradeBook.Tests.csproj", "{08F72CE5-6196-4B99-99D0-D07F8B9A76E1}"
EndProject
Global
	GlobalSection(SolutionConfigurationPlatforms) = preSolution
		Debug|Any CPU = Debug|Any CPU
		Debug|x64 = Debug|x64
		Debug|x86 = Debug|x86
		Release|Any CPU = Release|Any CPU
		Release|x64 = Release|x64
		Release|x86 = Release|x86
	EndGlobalSection
	GlobalSection(SolutionProperties) = preSolution
		HideSolutionNode = FALSE
	EndGlobalSection
	GlobalSection(ProjectConfigurationPlatforms) = postSolution
		{C55102F6-CCB2-4ABC-8340-3C9FC29129FA}.Debug|Any CPU.ActiveCfg = Debug|Any CPU
		{C55102F6-CCB2-4ABC-8340-3C9FC29129FA}.Debug|Any CPU.Build.0 = Debug|Any CPU
		{C55102F6-CCB2-4ABC-8340-3C9FC29129FA}.Debug|x64.ActiveCfg = Debug|Any CPU
		{C55102F6-CCB2-4ABC-8340-3C9FC29129FA}.Debug|x64.Build.0 = Debug|Any CPU
		{C55102F6-CCB2-4ABC-8340-3C9FC29129FA}.Debug|x86.ActiveCfg = Debug|Any CPU
		{C55102F6-CCB2-4ABC-8340-3C9FC29129FA}.Debug|x86.Build.0 = Debug|Any CPU
		{C55102F6-CCB2-4ABC-8340-3C9FC29129FA}.Release|Any CPU.ActiveCfg = Release|Any CPU
		{C55102F6-CCB2-4ABC-8340-3C9FC29129FA}.Release|Any CPU.Build.0 = Release|Any CPU
		{C55102F6-CCB2-4ABC-8340-3C9FC29129FA}.Release|x64.ActiveCfg = Release|Any CPU
		{C55102F6-CCB2-4ABC-8340-3C9FC29129FA}.Release|x64.Build.0 = Release|Any CPU
		{C55102F6-CCB2-4ABC-8340-3C9FC29129FA}.Release|x86.ActiveCfg = Release|Any CPU
		{C55102F6-CCB2-4ABC-8340-3C9FC29129FA}.Release|x86.Build.0 = Release|Any CPU
		{08F72CE5-6196-4B99-99D0-D07F8B9A76E1}.Debug|Any CPU.ActiveCfg = Debug|Any CPU
		{08F72CE5-6196-4B99-99D0-D07F8B9A76E1}.Debug|Any CPU.Build.0 = Debug|Any CPU
		{08F72CE5-6196-4B99-99D0-D07F8B9A76E1}.Debug|x64.ActiveCfg = Debug|Any CPU
		{08F72CE5-6196-4B99-99D0-D07F8B9A76E1}.Debug|x64.Build.0 = Debug|Any CPU
		{08F72CE5-6196-4B99-99D0-D07F8B9A76E1}.Debug|x86.ActiveCfg = Debug|Any CPU
		{08F72CE5-6196-4B99-99D0-D07F8B9A76E1}.Debug|x86.Build.0 = Debug|Any CPU
		{08F72CE5-6196-4B99-99D0-D07F8B9A76E1}.Release|Any CPU.ActiveCfg = Release|Any CPU
		{08F72CE5-6196-4B99-99D0-D07F8B9A76E1}.Release|Any CPU.Build.0 = Release|Any CPU
		{08F72CE5-6196-4B99-99D0-D07F8B9A76E1}.Release|x64.ActiveCfg = Release|Any CPU
		{08F72CE5-6196-4B99-99D0-D07F8B9A76E1}.Release|x64.Build.0 = Release|Any CPU
		{08F72CE5-6196-4B99-99D0-D07F8B9A76E1}.Release|x86.ActiveCfg = Release|Any CPU
		{08F72CE5-6196-4B99-99D0-D07F8B9A76E1}.Release|x86.Build.0 = Release|Any CPU
	EndGlobalSection
	GlobalSection(NestedProjects) = preSolution
		{C55102F6-CCB2-4ABC-8340-3C9FC29129FA} = {17FB2593-4F12-42CD-865A-D21C26B7C49E}
		{08F72CE5-6196-4B99-99D0-D07F8B9A76E1} = {26874CDE-5321-429B-B9AC-352B8BE411BF}
	EndGlobalSection
EndGlobal
